// !$*UTF8*$!
{
	archiveVersion = 1;
	classes = {
	};
	objectVersion = 46;
	objects = {

/* Begin PBXBuildFile section */
		B65B7E371EC0191500DE6594 /* PSSSegmentControl.m in Sources */ = {isa = PBXBuildFile; fileRef = B65B7E361EC0191500DE6594 /* PSSSegmentControl.m */; };
		B689986E1CEF393800EB8A42 /* main.m in Sources */ = {isa = PBXBuildFile; fileRef = B689986D1CEF393800EB8A42 /* main.m */; };
		B68998711CEF393800EB8A42 /* AppDelegate.m in Sources */ = {isa = PBXBuildFile; fileRef = B68998701CEF393800EB8A42 /* AppDelegate.m */; };
		B68998741CEF393800EB8A42 /* ViewController.m in Sources */ = {isa = PBXBuildFile; fileRef = B68998731CEF393800EB8A42 /* ViewController.m */; };
		B68998771CEF393800EB8A42 /* Main.storyboard in Resources */ = {isa = PBXBuildFile; fileRef = B68998751CEF393800EB8A42 /* Main.storyboard */; };
		B68998791CEF393900EB8A42 /* Assets.xcassets in Resources */ = {isa = PBXBuildFile; fileRef = B68998781CEF393900EB8A42 /* Assets.xcassets */; };
		B689987C1CEF393900EB8A42 /* LaunchScreen.storyboard in Resources */ = {isa = PBXBuildFile; fileRef = B689987A1CEF393900EB8A42 /* LaunchScreen.storyboard */; };
		B68998871CEF393900EB8A42 /* PSSSegmentControlTests.m in Sources */ = {isa = PBXBuildFile; fileRef = B68998861CEF393900EB8A42 /* PSSSegmentControlTests.m */; };
		B68998921CEF393900EB8A42 /* PSSSegmentControlUITests.m in Sources */ = {isa = PBXBuildFile; fileRef = B68998911CEF393900EB8A42 /* PSSSegmentControlUITests.m */; };
/* End PBXBuildFile section */

/* Begin PBXContainerItemProxy section */
		B68998831CEF393900EB8A42 /* PBXContainerItemProxy */ = {
			isa = PBXContainerItemProxy;
			containerPortal = B68998611CEF393800EB8A42 /* Project object */;
			proxyType = 1;
			remoteGlobalIDString = B68998681CEF393800EB8A42;
			remoteInfo = PSSSegmentControl;
		};
		B689988E1CEF393900EB8A42 /* PBXContainerItemProxy */ = {
			isa = PBXContainerItemProxy;
			containerPortal = B68998611CEF393800EB8A42 /* Project object */;
			proxyType = 1;
			remoteGlobalIDString = B68998681CEF393800EB8A42;
			remoteInfo = PSSSegmentControl;
		};
/* End PBXContainerItemProxy section */

/* Begin PBXFileReference section */
		B65B7E351EC0191500DE6594 /* PSSSegmentControl.h */ = {isa = PBXFileReference; fileEncoding = 4; lastKnownFileType = sourcecode.c.h; path = PSSSegmentControl.h; sourceTree = "<group>"; };
		B65B7E361EC0191500DE6594 /* PSSSegmentControl.m */ = {isa = PBXFileReference; fileEncoding = 4; lastKnownFileType = sourcecode.c.objc; path = PSSSegmentControl.m; sourceTree = "<group>"; };
		B68998691CEF393800EB8A42 /* PSSSegmentControl.app */ = {isa = PBXFileReference; explicitFileType = wrapper.application; includeInIndex = 0; path = PSSSegmentControl.app; sourceTree = BUILT_PRODUCTS_DIR; };
		B689986D1CEF393800EB8A42 /* main.m */ = {isa = PBXFileReference; lastKnownFileType = sourcecode.c.objc; path = main.m; sourceTree = "<group>"; };
		B689986F1CEF393800EB8A42 /* AppDelegate.h */ = {isa = PBXFileReference; lastKnownFileType = sourcecode.c.h; path = AppDelegate.h; sourceTree = "<group>"; };
		B68998701CEF393800EB8A42 /* AppDelegate.m */ = {isa = PBXFileReference; lastKnownFileType = sourcecode.c.objc; path = AppDelegate.m; sourceTree = "<group>"; };
		B68998721CEF393800EB8A42 /* ViewController.h */ = {isa = PBXFileReference; lastKnownFileType = sourcecode.c.h; path = ViewController.h; sourceTree = "<group>"; };
		B68998731CEF393800EB8A42 /* ViewController.m */ = {isa = PBXFileReference; lastKnownFileType = sourcecode.c.objc; path = ViewController.m; sourceTree = "<group>"; };
		B68998761CEF393800EB8A42 /* Base */ = {isa = PBXFileReference; lastKnownFileType = file.storyboard; name = Base; path = Base.lproj/Main.storyboard; sourceTree = "<group>"; };
		B68998781CEF393900EB8A42 /* Assets.xcassets */ = {isa = PBXFileReference; lastKnownFileType = folder.assetcatalog; path = Assets.xcassets; sourceTree = "<group>"; };
		B689987B1CEF393900EB8A42 /* Base */ = {isa = PBXFileReference; lastKnownFileType = file.storyboard; name = Base; path = Base.lproj/LaunchScreen.storyboard; sourceTree = "<group>"; };
		B689987D1CEF393900EB8A42 /* Info.plist */ = {isa = PBXFileReference; lastKnownFileType = text.plist.xml; path = Info.plist; sourceTree = "<group>"; };
		B68998821CEF393900EB8A42 /* PSSSegmentControlTests.xctest */ = {isa = PBXFileReference; explicitFileType = wrapper.cfbundle; includeInIndex = 0; path = PSSSegmentControlTests.xctest; sourceTree = BUILT_PRODUCTS_DIR; };
		B68998861CEF393900EB8A42 /* PSSSegmentControlTests.m */ = {isa = PBXFileReference; lastKnownFileType = sourcecode.c.objc; path = PSSSegmentControlTests.m; sourceTree = "<group>"; };
		B68998881CEF393900EB8A42 /* Info.plist */ = {isa = PBXFileReference; lastKnownFileType = text.plist.xml; path = Info.plist; sourceTree = "<group>"; };
		B689988D1CEF393900EB8A42 /* PSSSegmentControlUITests.xctest */ = {isa = PBXFileReference; explicitFileType = wrapper.cfbundle; includeInIndex = 0; path = PSSSegmentControlUITests.xctest; sourceTree = BUILT_PRODUCTS_DIR; };
		B68998911CEF393900EB8A42 /* PSSSegmentControlUITests.m */ = {isa = PBXFileReference; lastKnownFileType = sourcecode.c.objc; path = PSSSegmentControlUITests.m; sourceTree = "<group>"; };
		B68998931CEF393900EB8A42 /* Info.plist */ = {isa = PBXFileReference; lastKnownFileType = text.plist.xml; path = Info.plist; sourceTree = "<group>"; };
/* End PBXFileReference section */

/* Begin PBXFrameworksBuildPhase section */
		B68998661CEF393800EB8A42 /* Frameworks */ = {
			isa = PBXFrameworksBuildPhase;
			buildActionMask = 2147483647;
			files = (
			);
			runOnlyForDeploymentPostprocessing = 0;
		};
		B689987F1CEF393900EB8A42 /* Frameworks */ = {
			isa = PBXFrameworksBuildPhase;
			buildActionMask = 2147483647;
			files = (
			);
			runOnlyForDeploymentPostprocessing = 0;
		};
		B689988A1CEF393900EB8A42 /* Frameworks */ = {
			isa = PBXFrameworksBuildPhase;
			buildActionMask = 2147483647;
			files = (
			);
			runOnlyForDeploymentPostprocessing = 0;
		};
/* End PBXFrameworksBuildPhase section */

/* Begin PBXGroup section */
		B68998601CEF393800EB8A42 = {
			isa = PBXGroup;
			children = (
				B689986B1CEF393800EB8A42 /* PSSSegmentControl */,
				B68998851CEF393900EB8A42 /* PSSSegmentControlTests */,
				B68998901CEF393900EB8A42 /* PSSSegmentControlUITests */,
				B689986A1CEF393800EB8A42 /* Products */,
			);
			sourceTree = "<group>";
		};
		B689986A1CEF393800EB8A42 /* Products */ = {
			isa = PBXGroup;
			children = (
				B68998691CEF393800EB8A42 /* PSSSegmentControl.app */,
				B68998821CEF393900EB8A42 /* PSSSegmentControlTests.xctest */,
				B689988D1CEF393900EB8A42 /* PSSSegmentControlUITests.xctest */,
			);
			name = Products;
			sourceTree = "<group>";
		};
		B689986B1CEF393800EB8A42 /* PSSSegmentControl */ = {
			isa = PBXGroup;
			children = (
				B689989F1CEF395600EB8A42 /* PSSSegmentControl */,
				B689986F1CEF393800EB8A42 /* AppDelegate.h */,
				B68998701CEF393800EB8A42 /* AppDelegate.m */,
				B68998721CEF393800EB8A42 /* ViewController.h */,
				B68998731CEF393800EB8A42 /* ViewController.m */,
				B68998751CEF393800EB8A42 /* Main.storyboard */,
				B68998781CEF393900EB8A42 /* Assets.xcassets */,
				B689987A1CEF393900EB8A42 /* LaunchScreen.storyboard */,
				B689987D1CEF393900EB8A42 /* Info.plist */,
				B689986C1CEF393800EB8A42 /* Supporting Files */,
			);
			path = PSSSegmentControl;
			sourceTree = "<group>";
		};
		B689986C1CEF393800EB8A42 /* Supporting Files */ = {
			isa = PBXGroup;
			children = (
				B689986D1CEF393800EB8A42 /* main.m */,
			);
			name = "Supporting Files";
			sourceTree = "<group>";
		};
		B68998851CEF393900EB8A42 /* PSSSegmentControlTests */ = {
			isa = PBXGroup;
			children = (
				B68998861CEF393900EB8A42 /* PSSSegmentControlTests.m */,
				B68998881CEF393900EB8A42 /* Info.plist */,
			);
			path = PSSSegmentControlTests;
			sourceTree = "<group>";
		};
		B68998901CEF393900EB8A42 /* PSSSegmentControlUITests */ = {
			isa = PBXGroup;
			children = (
				B68998911CEF393900EB8A42 /* PSSSegmentControlUITests.m */,
				B68998931CEF393900EB8A42 /* Info.plist */,
			);
			path = PSSSegmentControlUITests;
			sourceTree = "<group>";
		};
		B689989F1CEF395600EB8A42 /* PSSSegmentControl */ = {
			isa = PBXGroup;
			children = (
				B65B7E351EC0191500DE6594 /* PSSSegmentControl.h */,
				B65B7E361EC0191500DE6594 /* PSSSegmentControl.m */,
			);
			path = PSSSegmentControl;
			sourceTree = "<group>";
		};
/* End PBXGroup section */

/* Begin PBXNativeTarget section */
		B68998681CEF393800EB8A42 /* PSSSegmentControl */ = {
			isa = PBXNativeTarget;
			buildConfigurationList = B68998961CEF393900EB8A42 /* Build configuration list for PBXNativeTarget "PSSSegmentControl" */;
			buildPhases = (
				B68998651CEF393800EB8A42 /* Sources */,
				B68998661CEF393800EB8A42 /* Frameworks */,
				B68998671CEF393800EB8A42 /* Resources */,
			);
			buildRules = (
			);
			dependencies = (
			);
			name = PSSSegmentControl;
			productName = PSSSegmentControl;
			productReference = B68998691CEF393800EB8A42 /* PSSSegmentControl.app */;
			productType = "com.apple.product-type.application";
		};
		B68998811CEF393900EB8A42 /* PSSSegmentControlTests */ = {
			isa = PBXNativeTarget;
			buildConfigurationList = B68998991CEF393900EB8A42 /* Build configuration list for PBXNativeTarget "PSSSegmentControlTests" */;
			buildPhases = (
				B689987E1CEF393900EB8A42 /* Sources */,
				B689987F1CEF393900EB8A42 /* Frameworks */,
				B68998801CEF393900EB8A42 /* Resources */,
			);
			buildRules = (
			);
			dependencies = (
				B68998841CEF393900EB8A42 /* PBXTargetDependency */,
			);
			name = PSSSegmentControlTests;
			productName = PSSSegmentControlTests;
			productReference = B68998821CEF393900EB8A42 /* PSSSegmentControlTests.xctest */;
			productType = "com.apple.product-type.bundle.unit-test";
		};
		B689988C1CEF393900EB8A42 /* PSSSegmentControlUITests */ = {
			isa = PBXNativeTarget;
			buildConfigurationList = B689989C1CEF393900EB8A42 /* Build configuration list for PBXNativeTarget "PSSSegmentControlUITests" */;
			buildPhases = (
				B68998891CEF393900EB8A42 /* Sources */,
				B689988A1CEF393900EB8A42 /* Frameworks */,
				B689988B1CEF393900EB8A42 /* Resources */,
			);
			buildRules = (
			);
			dependencies = (
				B689988F1CEF393900EB8A42 /* PBXTargetDependency */,
			);
			name = PSSSegmentControlUITests;
			productName = PSSSegmentControlUITests;
			productReference = B689988D1CEF393900EB8A42 /* PSSSegmentControlUITests.xctest */;
			productType = "com.apple.product-type.bundle.ui-testing";
		};
/* End PBXNativeTarget section */

/* Begin PBXProject section */
		B68998611CEF393800EB8A42 /* Project object */ = {
			isa = PBXProject;
			attributes = {
				LastUpgradeCheck = 0720;
				ORGANIZATIONNAME = "庞仕山";
				TargetAttributes = {
					B68998681CEF393800EB8A42 = {
						CreatedOnToolsVersion = 7.2;
					};
					B68998811CEF393900EB8A42 = {
						CreatedOnToolsVersion = 7.2;
						TestTargetID = B68998681CEF393800EB8A42;
					};
					B689988C1CEF393900EB8A42 = {
						CreatedOnToolsVersion = 7.2;
						TestTargetID = B68998681CEF393800EB8A42;
					};
				};
			};
			buildConfigurationList = B68998641CEF393800EB8A42 /* Build configuration list for PBXProject "PSSSegmentControl" */;
			compatibilityVersion = "Xcode 3.2";
			developmentRegion = English;
			hasScannedForEncodings = 0;
			knownRegions = (
				en,
				Base,
			);
			mainGroup = B68998601CEF393800EB8A42;
			productRefGroup = B689986A1CEF393800EB8A42 /* Products */;
			projectDirPath = "";
			projectRoot = "";
			targets = (
				B68998681CEF393800EB8A42 /* PSSSegmentControl */,
				B68998811CEF393900EB8A42 /* PSSSegmentControlTests */,
				B689988C1CEF393900EB8A42 /* PSSSegmentControlUITests */,
			);
		};
/* End PBXProject section */

/* Begin PBXResourcesBuildPhase section */
		B68998671CEF393800EB8A42 /* Resources */ = {
			isa = PBXResourcesBuildPhase;
			buildActionMask = 2147483647;
			files = (
				B689987C1CEF393900EB8A42 /* LaunchScreen.storyboard in Resources */,
				B68998791CEF393900EB8A42 /* Assets.xcassets in Resources */,
				B68998771CEF393800EB8A42 /* Main.storyboard in Resources */,
			);
			runOnlyForDeploymentPostprocessing = 0;
		};
		B68998801CEF393900EB8A42 /* Resources */ = {
			isa = PBXResourcesBuildPhase;
			buildActionMask = 2147483647;
			files = (
			);
			runOnlyForDeploymentPostprocessing = 0;
		};
		B689988B1CEF393900EB8A42 /* Resources */ = {
			isa = PBXResourcesBuildPhase;
			buildActionMask = 2147483647;
			files = (
			);
			runOnlyForDeploymentPostprocessing = 0;
		};
/* End PBXResourcesBuildPhase section */

/* Begin PBXSourcesBuildPhase section */
		B68998651CEF393800EB8A42 /* Sources */ = {
			isa = PBXSourcesBuildPhase;
			buildActionMask = 2147483647;
			files = (
				B65B7E371EC0191500DE6594 /* PSSSegmentControl.m in Sources */,
				B68998741CEF393800EB8A42 /* ViewController.m in Sources */,
				B68998711CEF393800EB8A42 /* AppDelegate.m in Sources */,
				B689986E1CEF393800EB8A42 /* main.m in Sources */,
			);
			runOnlyForDeploymentPostprocessing = 0;
		};
		B689987E1CEF393900EB8A42 /* Sources */ = {
			isa = PBXSourcesBuildPhase;
			buildActionMask = 2147483647;
			files = (
				B68998871CEF393900EB8A42 /* PSSSegmentControlTests.m in Sources */,
			);
			runOnlyForDeploymentPostprocessing = 0;
		};
		B68998891CEF393900EB8A42 /* Sources */ = {
			isa = PBXSourcesBuildPhase;
			buildActionMask = 2147483647;
			files = (
				B68998921CEF393900EB8A42 /* PSSSegmentControlUITests.m in Sources */,
			);
			runOnlyForDeploymentPostprocessing = 0;
		};
/* End PBXSourcesBuildPhase section */

/* Begin PBXTargetDependency section */
		B68998841CEF393900EB8A42 /* PBXTargetDependency */ = {
			isa = PBXTargetDependency;
			target = B68998681CEF393800EB8A42 /* PSSSegmentControl */;
			targetProxy = B68998831CEF393900EB8A42 /* PBXContainerItemProxy */;
		};
		B689988F1CEF393900EB8A42 /* PBXTargetDependency */ = {
			isa = PBXTargetDependency;
			target = B68998681CEF393800EB8A42 /* PSSSegmentControl */;
			targetProxy = B689988E1CEF393900EB8A42 /* PBXContainerItemProxy */;
		};
/* End PBXTargetDependency section */

/* Begin PBXVariantGroup section */
		B68998751CEF393800EB8A42 /* Main.storyboard */ = {
			isa = PBXVariantGroup;
			children = (
				B68998761CEF393800EB8A42 /* Base */,
			);
			name = Main.storyboard;
			sourceTree = "<group>";
		};
		B689987A1CEF393900EB8A42 /* LaunchScreen.storyboard */ = {
			isa = PBXVariantGroup;
			children = (
				B689987B1CEF393900EB8A42 /* Base */,
			);
			name = LaunchScreen.storyboard;
			sourceTree = "<group>";
		};
/* End PBXVariantGroup section */

/* Begin XCBuildConfiguration section */
		B68998941CEF393900EB8A42 /* Debug */ = {
			isa = XCBuildConfiguration;
			buildSettings = {
				ALWAYS_SEARCH_USER_PATHS = NO;
				CLANG_CXX_LANGUAGE_STANDARD = "gnu++0x";
				CLANG_CXX_LIBRARY = "libc++";
				CLANG_ENABLE_MODULES = YES;
				CLANG_ENABLE_OBJC_ARC = YES;
				CLANG_WARN_BOOL_CONVERSION = YES;
				CLANG_WARN_CONSTANT_CONVERSION = YES;
				CLANG_WARN_DIRECT_OBJC_ISA_USAGE = YES_ERROR;
				CLANG_WARN_EMPTY_BODY = YES;
				CLANG_WARN_ENUM_CONVERSION = YES;
				CLANG_WARN_INT_CONVERSION = YES;
				CLANG_WARN_OBJC_ROOT_CLASS = YES_ERROR;
				CLANG_WARN_UNREACHABLE_CODE = YES;
				CLANG_WARN__DUPLICATE_METHOD_MATCH = YES;
				"CODE_SIGN_IDENTITY[sdk=iphoneos*]" = "iPhone Developer";
				COPY_PHASE_STRIP = NO;
				DEBUG_INFORMATION_FORMAT = dwarf;
				ENABLE_STRICT_OBJC_MSGSEND = YES;
				ENABLE_TESTABILITY = YES;
				GCC_C_LANGUAGE_STANDARD = gnu99;
				GCC_DYNAMIC_NO_PIC = NO;
				GCC_NO_COMMON_BLOCKS = YES;
				GCC_OPTIMIZATION_LEVEL = 0;
				GCC_PREPROCESSOR_DEFINITIONS = (
					"DEBUG=1",
					"$(inherited)",
				);
				GCC_WARN_64_TO_32_BIT_CONVERSION = YES;
				GCC_WARN_ABOUT_RETURN_TYPE = YES_ERROR;
				GCC_WARN_UNDECLARED_SELECTOR = YES;
				GCC_WARN_UNINITIALIZED_AUTOS = YES_AGGRESSIVE;
				GCC_WARN_UNUSED_FUNCTION = YES;
				GCC_WARN_UNUSED_VARIABLE = YES;
				IPHONEOS_DEPLOYMENT_TARGET = 9.2;
				MTL_ENABLE_DEBUG_INFO = YES;
				ONLY_ACTIVE_ARCH = YES;
				SDKROOT = iphoneos;
				TARGETED_DEVICE_FAMILY = "1,2";
			};
			name = Debug;
		};
		B68998951CEF393900EB8A42 /* Release */ = {
			isa = XCBuildConfiguration;
			buildSettings = {
				ALWAYS_SEARCH_USER_PATHS = NO;
				CLANG_CXX_LANGUAGE_STANDARD = "gnu++0x";
				CLANG_CXX_LIBRARY = "libc++";
				CLANG_ENABLE_MODULES = YES;
				CLANG_ENABLE_OBJC_ARC = YES;
				CLANG_WARN_BOOL_CONVERSION = YES;
				CLANG_WARN_CONSTANT_CONVERSION = YES;
				CLANG_WARN_DIRECT_OBJC_ISA_USAGE = YES_ERROR;
				CLANG_WARN_EMPTY_BODY = YES;
				CLANG_WARN_ENUM_CONVERSION = YES;
				CLANG_WARN_INT_CONVERSION = YES;
				CLANG_WARN_OBJC_ROOT_CLASS = YES_ERROR;
				CLANG_WARN_UNREACHABLE_CODE = YES;
				CLANG_WARN__DUPLICATE_METHOD_MATCH = YES;
				"CODE_SIGN_IDENTITY[sdk=iphoneos*]" = "iPhone Developer";
				COPY_PHASE_STRIP = NO;
				DEBUG_INFORMATION_FORMAT = "dwarf-with-dsym";
				ENABLE_NS_ASSERTIONS = NO;
				ENABLE_STRICT_OBJC_MSGSEND = YES;
				GCC_C_LANGUAGE_STANDARD = gnu99;
				GCC_NO_COMMON_BLOCKS = YES;
				GCC_WARN_64_TO_32_BIT_CONVERSION = YES;
				GCC_WARN_ABOUT_RETURN_TYPE = YES_ERROR;
				GCC_WARN_UNDECLARED_SELECTOR = YES;
				GCC_WARN_UNINITIALIZED_AUTOS = YES_AGGRESSIVE;
				GCC_WARN_UNUSED_FUNCTION = YES;
				GCC_WARN_UNUSED_VARIABLE = YES;
				IPHONEOS_DEPLOYMENT_TARGET = 9.2;
				MTL_ENABLE_DEBUG_INFO = NO;
				SDKROOT = iphoneos;
				TARGETED_DEVICE_FAMILY = "1,2";
				VALIDATE_PRODUCT = YES;
			};
			name = Release;
		};
		B68998971CEF393900EB8A42 /* Debug */ = {
			isa = XCBuildConfiguration;
			buildSettings = {
				ASSETCATALOG_COMPILER_APPICON_NAME = AppIcon;
				INFOPLIST_FILE = PSSSegmentControl/Info.plist;
				LD_RUNPATH_SEARCH_PATHS = "$(inherited) @executable_path/Frameworks";
				PRODUCT_BUNDLE_IDENTIFIER = PSS.PSSSegmentControl;
				PRODUCT_NAME = "$(TARGET_NAME)";
			};
			name = Debug;
		};
		B68998981CEF393900EB8A42 /* Release */ = {
			isa = XCBuildConfiguration;
			buildSettings = {
				ASSETCATALOG_COMPILER_APPICON_NAME = AppIcon;
				INFOPLIST_FILE = PSSSegmentControl/Info.plist;
				LD_RUNPATH_SEARCH_PATHS = "$(inherited) @executable_path/Frameworks";
				PRODUCT_BUNDLE_IDENTIFIER = PSS.PSSSegmentControl;
				PRODUCT_NAME = "$(TARGET_NAME)";
			};
			name = Release;
		};
		B689989A1CEF393900EB8A42 /* Debug */ = {
			isa = XCBuildConfiguration;
			buildSettings = {
				BUNDLE_LOADER = "$(TEST_HOST)";
				INFOPLIST_FILE = PSSSegmentControlTests/Info.plist;
				LD_RUNPATH_SEARCH_PATHS = "$(inherited) @executable_path/Frameworks @loader_path/Frameworks";
				PRODUCT_BUNDLE_IDENTIFIER = PSS.PSSSegmentControlTests;
				PRODUCT_NAME = "$(TARGET_NAME)";
				TEST_HOST = "$(BUILT_PRODUCTS_DIR)/PSSSegmentControl.app/PSSSegmentControl";
			};
			name = Debug;
		};
		B689989B1CEF393900EB8A42 /* Release */ = {
			isa = XCBuildConfiguration;
			buildSettings = {
				BUNDLE_LOADER = "$(TEST_HOST)";
				INFOPLIST_FILE = PSSSegmentControlTests/Info.plist;
				LD_RUNPATH_SEARCH_PATHS = "$(inherited) @executable_path/Frameworks @loader_path/Frameworks";
				PRODUCT_BUNDLE_IDENTIFIER = PSS.PSSSegmentControlTests;
				PRODUCT_NAME = "$(TARGET_NAME)";
				TEST_HOST = "$(BUILT_PRODUCTS_DIR)/PSSSegmentControl.app/PSSSegmentControl";
			};
			name = Release;
		};
		B689989D1CEF393900EB8A42 /* Debug */ = {
			isa = XCBuildConfiguration;
			buildSettings = {
				INFOPLIST_FILE = PSSSegmentControlUITests/Info.plist;
				LD_RUNPATH_SEARCH_PATHS = "$(inherited) @executable_path/Frameworks @loader_path/Frameworks";
				PRODUCT_BUNDLE_IDENTIFIER = PSS.PSSSegmentControlUITests;
				PRODUCT_NAME = "$(TARGET_NAME)";
				TEST_TARGET_NAME = PSSSegmentControl;
				USES_XCTRUNNER = YES;
			};
			name = Debug;
		};
		B689989E1CEF393900EB8A42 /* Release */ = {
			isa = XCBuildConfiguration;
			buildSettings = {
				INFOPLIST_FILE = PSSSegmentControlUITests/Info.plist;
				LD_RUNPATH_SEARCH_PATHS = "$(inherited) @executable_path/Frameworks @loader_path/Frameworks";
				PRODUCT_BUNDLE_IDENTIFIER = PSS.PSSSegmentControlUITests;
				PRODUCT_NAME = "$(TARGET_NAME)";
				TEST_TARGET_NAME = PSSSegmentControl;
				USES_XCTRUNNER = YES;
			};
			name = Release;
		};
/* End XCBuildConfiguration section */

/* Begin XCConfigurationList section */
		B68998641CEF393800EB8A42 /* Build configuration list for PBXProject "PSSSegmentControl" */ = {
			isa = XCConfigurationList;
			buildConfigurations = (
				B68998941CEF393900EB8A42 /* Debug */,
				B68998951CEF393900EB8A42 /* Release */,
			);
			defaultConfigurationIsVisible = 0;
			defaultConfigurationName = Release;
		};
		B68998961CEF393900EB8A42 /* Build configuration list for PBXNativeTarget "PSSSegmentControl" */ = {
			isa = XCConfigurationList;
			buildConfigurations = (
				B68998971CEF393900EB8A42 /* Debug */,
				B68998981CEF393900EB8A42 /* Release */,
			);
			defaultConfigurationIsVisible = 0;
			defaultConfigurationName = Release;
		};
		B68998991CEF393900EB8A42 /* Build configuration list for PBXNativeTarget "PSSSegmentControlTests" */ = {
			isa = XCConfigurationList;
			buildConfigurations = (
				B689989A1CEF393900EB8A42 /* Debug */,
				B689989B1CEF393900EB8A42 /* Release */,
			);
			defaultConfigurationIsVisible = 0;
			defaultConfigurationName = Release;
		};
		B689989C1CEF393900EB8A42 /* Build configuration list for PBXNativeTarget "PSSSegmentControlUITests" */ = {
			isa = XCConfigurationList;
			buildConfigurations = (
				B689989D1CEF393900EB8A42 /* Debug */,
				B689989E1CEF393900EB8A42 /* Release */,
			);
			defaultConfigurationIsVisible = 0;
			defaultConfigurationName = Release;
		};
/* End XCConfigurationList section */
	};
	rootObject = B68998611CEF393800EB8A42 /* Project object */;
}
